{
  "originHash" : "160f9db8e0a4f7197fd736ae7e4a589b5b7084f5474b816c37aec509489d3e8d",
  "pins" : [
    {
      "identity" : "keyboardshortcuts",
      "kind" : "remoteSourceControl",
      "location" : "https://github.com/sindresorhus/KeyboardShortcuts",
      "state" : {
        "revision" : "1aef85578fdd4f9eaeeb8d53b7b4fc31bf08fe27",
        "version" : "2.4.0"
      }
    },
    {
      "identity" : "saneui",
      "kind" : "remoteSourceControl",
      "location" : "https://github.com/sane-apps/SaneUI.git",
      "state" : {
        "revision" : "3850741e78a539cc130697bae7ffa5ac9741508a"
      }
    }
  ],
  "version" : 3
}
